
Microsoft Visual Studio Solution File, Format Version 12.00
# Visual Studio Version 17
VisualStudioVersion = 17.8.34525.116
MinimumVisualStudioVersion = 10.0.40219.1
Project("{FAE04EC0-301F-11D3-BF4B-00C04F79EFBC}") = "Katastar", "Katastar.csproj", "{35328051-D47E-408B-AE7D-3FAE508568A9}"
EndProject
Global
	GlobalSection(SolutionConfigurationPlatforms) = preSolution
		Debug|Any CPU = Debug|Any CPU
		Release|Any CPU = Release|Any CPU
	EndGlobalSection
	GlobalSection(ProjectConfigurationPlatforms) = postSolution
		{35328051-D47E-408B-AE7D-3FAE508568A9}.Debug|Any CPU.ActiveCfg = Debug|Any CPU
		{35328051-D47E-408B-AE7D-3FAE508568A9}.Debug|Any CPU.Build.0 = Debug|Any CPU
		{35328051-D47E-408B-AE7D-3FAE508568A9}.Release|Any CPU.ActiveCfg = Release|Any CPU
		{35328051-D47E-408B-AE7D-3FAE508568A9}.Release|Any CPU.Build.0 = Release|Any CPU
	EndGlobalSection
	GlobalSection(SolutionProperties) = preSolution
		HideSolutionNode = FALSE
	EndGlobalSection
	GlobalSection(ExtensibilityGlobals) = postSolution
		SolutionGuid = {6FD09381-3BF2-491C-8829-089F589B77BB}
	EndGlobalSection
EndGlobal
